
Microsoft Visual Studio Solution File, Format Version 12.00
# Visual Studio Version 16
VisualStudioVersion = 16.0.30717.126
MinimumVisualStudioVersion = 10.0.40219.1
Project("{FAE04EC0-301F-11D3-BF4B-00C04F79EFBC}") = "StudyCS", "StudyCS\StudyCS.csproj", "{95BA2210-3095-4BF6-B313-1CD82FD68AF5}"
EndProject
Global
	GlobalSection(SolutionConfigurationPlatforms) = preSolution
		Debug|Any CPU = Debug|Any CPU
		Release|Any CPU = Release|Any CPU
	EndGlobalSection
	GlobalSection(ProjectConfigurationPlatforms) = postSolution
		{95BA2210-3095-4BF6-B313-1CD82FD68AF5}.Debug|Any CPU.ActiveCfg = Debug|Any CPU
		{95BA2210-3095-4BF6-B313-1CD82FD68AF5}.Debug|Any CPU.Build.0 = Debug|Any CPU
		{95BA2210-3095-4BF6-B313-1CD82FD68AF5}.Release|Any CPU.ActiveCfg = Release|Any CPU
		{95BA2210-3095-4BF6-B313-1CD82FD68AF5}.Release|Any CPU.Build.0 = Release|Any CPU
	EndGlobalSection
	GlobalSection(SolutionProperties) = preSolution
		HideSolutionNode = FALSE
	EndGlobalSection
	GlobalSection(ExtensibilityGlobals) = postSolution
		SolutionGuid = {E4D0C945-3DFB-4351-9A2B-A9A4109E2280}
	EndGlobalSection
EndGlobal
